// !$*UTF8*$!
{
	archiveVersion = 1;
	classes = {
	};
	objectVersion = 77;
	objects = {

/* Begin PBXBuildFile section */
		0E730B7A717F4747D91D0537 /* TomoSleep2.ttf in Resources */ = {isa = PBXBuildFile; fileRef = 88609709C79E2CA69714B54D /* TomoSleep2.ttf */; };
		1206AFF78F3F05233AF98D62 /* TomodachiApp.swift in Sources */ = {isa = PBXBuildFile; fileRef = 040E64E13B16E7A347446C38 /* TomodachiApp.swift */; };
		17268293140381667D3693BB /* TomoCore in Frameworks */ = {isa = PBXBuildFile; productRef = D7DDDC272F7133197F0D59BB /* TomoCore */; };
		1C30573A4EFCEC1784E40BAD /* TomoWordSheet.swift in Sources */ = {isa = PBXBuildFile; fileRef = BE15650199C378342BFCA096 /* TomoWordSheet.swift */; };
		1F7D3B14990380320D4BB1C3 /* SwiftUI.framework in Frameworks */ = {isa = PBXBuildFile; fileRef = C3C4C2027DB8873CC0A1EC01 /* SwiftUI.framework */; };
		2AE9D1DC5132E456A1102842 /* TomoPhoneHome.swift in Sources */ = {isa = PBXBuildFile; fileRef = 666A72997ED021BF38D009FD /* TomoPhoneHome.swift */; };
		43C83B710033B8A4E45A3326 /* TomoLiveVisit.swift in Sources */ = {isa = PBXBuildFile; fileRef = 5DD481FC31C8E38E2AB4F657 /* TomoLiveVisit.swift */; };
		473AFFBA189B29BCEACD06A1 /* TomoMovingMascot.swift in Sources */ = {isa = PBXBuildFile; fileRef = EA5849F648AA4E62CBEBF52E /* TomoMovingMascot.swift */; };
		55B668E3CF5DF92A2428F6DE /* TomoWidgets.swift in Sources */ = {isa = PBXBuildFile; fileRef = E56A0CD36F22076E120230DE /* TomoWidgets.swift */; };
		5A2853E1494B345A841CF220 /* TomoVisitLiveActivity.swift in Sources */ = {isa = PBXBuildFile; fileRef = 643C75D304AC245CB7F57635 /* TomoVisitLiveActivity.swift */; };
		65D3A2DECEF7CDCB4AC5EA6E /* TomoVisitActivity.swift in Sources */ = {isa = PBXBuildFile; fileRef = 413F94AD4C585B825A5624A9 /* TomoVisitActivity.swift */; };
		6E1F760DD9C89FEA03565D5E /* TomoPhoneFirstRun.swift in Sources */ = {isa = PBXBuildFile; fileRef = ED0CFFD4BB66F948A4C01F77 /* TomoPhoneFirstRun.swift */; };
		7782BC02AF02475CA7679202 /* TomoReady0.ttf in Resources */ = {isa = PBXBuildFile; fileRef = 8A139532B7D9250EC8422DC8 /* TomoReady0.ttf */; };
		8B9F1DA1C06402828C976C1D /* TomoReady1.ttf in Resources */ = {isa = PBXBuildFile; fileRef = B0765F5932D239F53E699926 /* TomoReady1.ttf */; };
		9FEBC7FFBC6E85112AC44873 /* TomoSleep1.ttf in Resources */ = {isa = PBXBuildFile; fileRef = F81A388C0AC485FCA108A8AF /* TomoSleep1.ttf */; };
		B1C493B8922D71739E609A43 /* TomoVisitActivity.swift in Sources */ = {isa = PBXBuildFile; fileRef = 413F94AD4C585B825A5624A9 /* TomoVisitActivity.swift */; };
		C4DF9C01C20DBF19B53CB78E /* TomoReady2.ttf in Resources */ = {isa = PBXBuildFile; fileRef = 39485395578F29851071E083 /* TomoReady2.ttf */; };
		C638FD502B83DB4A36871A5C /* Assets.xcassets in Resources */ = {isa = PBXBuildFile; fileRef = 0FDC47A6BEC3C329C93CC701 /* Assets.xcassets */; };
		C845DB710B31D14B75957C37 /* TomoSleep0.ttf in Resources */ = {isa = PBXBuildFile; fileRef = 666A1D255B37C508A967E5C0 /* TomoSleep0.ttf */; };
		C94D68053CCE33DE6C8AC963 /* TomoWidgets.appex in Embed Foundation Extensions */ = {isa = PBXBuildFile; fileRef = AFE384C3477C520E3B46DF8E /* TomoWidgets.appex */; settings = {ATTRIBUTES = (RemoveHeadersOnCopy, ); }; };
		E8D30060692C362463F39193 /* TomoCore in Frameworks */ = {isa = PBXBuildFile; productRef = 035D015A00A57BA89123F406 /* TomoCore */; };
		EA15E88D0B48D561F9BF57A5 /* WidgetKit.framework in Frameworks */ = {isa = PBXBuildFile; fileRef = D7EBDB597D2052726D407A36 /* WidgetKit.framework */; };
		EDC97339274AD5D9DE559C33 /* TomoPhoneView.swift in Sources */ = {isa = PBXBuildFile; fileRef = 946EAB4DCF25D24015CABDF5 /* TomoPhoneView.swift */; };
/* End PBXBuildFile section */

/* Begin PBXContainerItemProxy section */
		7BD8EA74E5223557C7B05CDB /* PBXContainerItemProxy */ = {
			isa = PBXContainerItemProxy;
			containerPortal = FD689C2390E03FE7766183E0 /* Project object */;
			proxyType = 1;
			remoteGlobalIDString = 5CAF3C2F15CD2B9C51E2615B;
			remoteInfo = TomoWidgets;
		};
/* End PBXContainerItemProxy section */

/* Begin PBXCopyFilesBuildPhase section */
		1FF9299FC3FB176009DEA529 /* Embed Foundation Extensions */ = {
			isa = PBXCopyFilesBuildPhase;
			buildActionMask = 2147483647;
			dstPath = "";
			dstSubfolderSpec = 13;
			files = (
				C94D68053CCE33DE6C8AC963 /* TomoWidgets.appex in Embed Foundation Extensions */,
			);
			name = "Embed Foundation Extensions";
			runOnlyForDeploymentPostprocessing = 0;
		};
/* End PBXCopyFilesBuildPhase section */

/* Begin PBXFileReference section */
		040E64E13B16E7A347446C38 /* TomodachiApp.swift */ = {isa = PBXFileReference; lastKnownFileType = sourcecode.swift; path = TomodachiApp.swift; sourceTree = "<group>"; };
		0FDC47A6BEC3C329C93CC701 /* Assets.xcassets */ = {isa = PBXFileReference; lastKnownFileType = folder.assetcatalog; path = Assets.xcassets; sourceTree = "<group>"; };
		37822A1675BCDE011D4AE744 /* TomoCore */ = {isa = PBXFileReference; lastKnownFileType = folder; name = TomoCore; path = ../../TomoCore; sourceTree = SOURCE_ROOT; };
		39485395578F29851071E083 /* TomoReady2.ttf */ = {isa = PBXFileReference; lastKnownFileType = file; path = TomoReady2.ttf; sourceTree = "<group>"; };
		413F94AD4C585B825A5624A9 /* TomoVisitActivity.swift */ = {isa = PBXFileReference; lastKnownFileType = sourcecode.swift; path = TomoVisitActivity.swift; sourceTree = "<group>"; };
		5DD481FC31C8E38E2AB4F657 /* TomoLiveVisit.swift */ = {isa = PBXFileReference; lastKnownFileType = sourcecode.swift; path = TomoLiveVisit.swift; sourceTree = "<group>"; };
		643C75D304AC245CB7F57635 /* TomoVisitLiveActivity.swift */ = {isa = PBXFileReference; lastKnownFileType = sourcecode.swift; path = TomoVisitLiveActivity.swift; sourceTree = "<group>"; };
		666A1D255B37C508A967E5C0 /* TomoSleep0.ttf */ = {isa = PBXFileReference; lastKnownFileType = file; path = TomoSleep0.ttf; sourceTree = "<group>"; };
		666A72997ED021BF38D009FD /* TomoPhoneHome.swift */ = {isa = PBXFileReference; lastKnownFileType = sourcecode.swift; path = TomoPhoneHome.swift; sourceTree = "<group>"; };
		88609709C79E2CA69714B54D /* TomoSleep2.ttf */ = {isa = PBXFileReference; lastKnownFileType = file; path = TomoSleep2.ttf; sourceTree = "<group>"; };
		8A139532B7D9250EC8422DC8 /* TomoReady0.ttf */ = {isa = PBXFileReference; lastKnownFileType = file; path = TomoReady0.ttf; sourceTree = "<group>"; };
		946EAB4DCF25D24015CABDF5 /* TomoPhoneView.swift */ = {isa = PBXFileReference; lastKnownFileType = sourcecode.swift; path = TomoPhoneView.swift; sourceTree = "<group>"; };
		A66B8DBC69D1341D64426020 /* Tomodachi.app */ = {isa = PBXFileReference; includeInIndex = 0; lastKnownFileType = wrapper.application; path = Tomodachi.app; sourceTree = BUILT_PRODUCTS_DIR; };
		AD651B7836EDDD8F2EC6F351 /* Widgets.entitlements */ = {isa = PBXFileReference; lastKnownFileType = text.plist.entitlements; path = Widgets.entitlements; sourceTree = "<group>"; };
		AFE384C3477C520E3B46DF8E /* TomoWidgets.appex */ = {isa = PBXFileReference; includeInIndex = 0; lastKnownFileType = "wrapper.app-extension"; path = TomoWidgets.appex; sourceTree = BUILT_PRODUCTS_DIR; };
		B0765F5932D239F53E699926 /* TomoReady1.ttf */ = {isa = PBXFileReference; lastKnownFileType = file; path = TomoReady1.ttf; sourceTree = "<group>"; };
		B44A800E230C1B199FCC12C2 /* Info.plist */ = {isa = PBXFileReference; lastKnownFileType = text.plist; path = Info.plist; sourceTree = "<group>"; };
		BE15650199C378342BFCA096 /* TomoWordSheet.swift */ = {isa = PBXFileReference; lastKnownFileType = sourcecode.swift; path = TomoWordSheet.swift; sourceTree = "<group>"; };
		C3C4C2027DB8873CC0A1EC01 /* SwiftUI.framework */ = {isa = PBXFileReference; lastKnownFileType = wrapper.framework; name = SwiftUI.framework; path = System/Library/Frameworks/SwiftUI.framework; sourceTree = SDKROOT; };
		D7EBDB597D2052726D407A36 /* WidgetKit.framework */ = {isa = PBXFileReference; lastKnownFileType = wrapper.framework; name = WidgetKit.framework; path = System/Library/Frameworks/WidgetKit.framework; sourceTree = SDKROOT; };
		E56A0CD36F22076E120230DE /* TomoWidgets.swift */ = {isa = PBXFileReference; lastKnownFileType = sourcecode.swift; path = TomoWidgets.swift; sourceTree = "<group>"; };
		EA5849F648AA4E62CBEBF52E /* TomoMovingMascot.swift */ = {isa = PBXFileReference; lastKnownFileType = sourcecode.swift; path = TomoMovingMascot.swift; sourceTree = "<group>"; };
		ED0CFFD4BB66F948A4C01F77 /* TomoPhoneFirstRun.swift */ = {isa = PBXFileReference; lastKnownFileType = sourcecode.swift; path = TomoPhoneFirstRun.swift; sourceTree = "<group>"; };
		F81A388C0AC485FCA108A8AF /* TomoSleep1.ttf */ = {isa = PBXFileReference; lastKnownFileType = file; path = TomoSleep1.ttf; sourceTree = "<group>"; };
/* End PBXFileReference section */

/* Begin PBXFrameworksBuildPhase section */
		26DBFF058C9038DB2655EEA5 /* Frameworks */ = {
			isa = PBXFrameworksBuildPhase;
			buildActionMask = 2147483647;
			files = (
				E8D30060692C362463F39193 /* TomoCore in Frameworks */,
			);
			runOnlyForDeploymentPostprocessing = 0;
		};
		A0A125EA67E0BE8EA68E119C /* Frameworks */ = {
			isa = PBXFrameworksBuildPhase;
			buildActionMask = 2147483647;
			files = (
				17268293140381667D3693BB /* TomoCore in Frameworks */,
				EA15E88D0B48D561F9BF57A5 /* WidgetKit.framework in Frameworks */,
				1F7D3B14990380320D4BB1C3 /* SwiftUI.framework in Frameworks */,
			);
			runOnlyForDeploymentPostprocessing = 0;
		};
/* End PBXFrameworksBuildPhase section */

/* Begin PBXGroup section */
		0AF69C01C7BAC11AC25EB74A /* Sources */ = {
			isa = PBXGroup;
			children = (
				040E64E13B16E7A347446C38 /* TomodachiApp.swift */,
				5DD481FC31C8E38E2AB4F657 /* TomoLiveVisit.swift */,
				ED0CFFD4BB66F948A4C01F77 /* TomoPhoneFirstRun.swift */,
				666A72997ED021BF38D009FD /* TomoPhoneHome.swift */,
				946EAB4DCF25D24015CABDF5 /* TomoPhoneView.swift */,
				BE15650199C378342BFCA096 /* TomoWordSheet.swift */,
			);
			path = Sources;
			sourceTree = "<group>";
		};
		0CE906E2324FE0954D6741C4 /* Widgets */ = {
			isa = PBXGroup;
			children = (
				B44A800E230C1B199FCC12C2 /* Info.plist */,
				EA5849F648AA4E62CBEBF52E /* TomoMovingMascot.swift */,
				643C75D304AC245CB7F57635 /* TomoVisitLiveActivity.swift */,
				E56A0CD36F22076E120230DE /* TomoWidgets.swift */,
				AD651B7836EDDD8F2EC6F351 /* Widgets.entitlements */,
				AEFC4DD5A7D0511375808143 /* Fonts */,
			);
			path = Widgets;
			sourceTree = "<group>";
		};
		19E98207CFE8FA7C4D2A0A52 = {
			isa = PBXGroup;
			children = (
				0FDC47A6BEC3C329C93CC701 /* Assets.xcassets */,
				59FED26147B10FD57F703C45 /* Packages */,
				56A65E95973B65C0892E8D08 /* Shared */,
				0AF69C01C7BAC11AC25EB74A /* Sources */,
				0CE906E2324FE0954D6741C4 /* Widgets */,
				43FCE60A8B660CEEAD582595 /* Frameworks */,
				4CF2F1D264207785F5CCAFAD /* Products */,
			);
			sourceTree = "<group>";
		};
		43FCE60A8B660CEEAD582595 /* Frameworks */ = {
			isa = PBXGroup;
			children = (
				C3C4C2027DB8873CC0A1EC01 /* SwiftUI.framework */,
				D7EBDB597D2052726D407A36 /* WidgetKit.framework */,
			);
			name = Frameworks;
			sourceTree = "<group>";
		};
		4CF2F1D264207785F5CCAFAD /* Products */ = {
			isa = PBXGroup;
			children = (
				A66B8DBC69D1341D64426020 /* Tomodachi.app */,
				AFE384C3477C520E3B46DF8E /* TomoWidgets.appex */,
			);
			name = Products;
			sourceTree = "<group>";
		};
		56A65E95973B65C0892E8D08 /* Shared */ = {
			isa = PBXGroup;
			children = (
				413F94AD4C585B825A5624A9 /* TomoVisitActivity.swift */,
			);
			path = Shared;
			sourceTree = "<group>";
		};
		59FED26147B10FD57F703C45 /* Packages */ = {
			isa = PBXGroup;
			children = (
				37822A1675BCDE011D4AE744 /* TomoCore */,
			);
			name = Packages;
			sourceTree = "<group>";
		};
		AEFC4DD5A7D0511375808143 /* Fonts */ = {
			isa = PBXGroup;
			children = (
				8A139532B7D9250EC8422DC8 /* TomoReady0.ttf */,
				B0765F5932D239F53E699926 /* TomoReady1.ttf */,
				39485395578F29851071E083 /* TomoReady2.ttf */,
				666A1D255B37C508A967E5C0 /* TomoSleep0.ttf */,
				F81A388C0AC485FCA108A8AF /* TomoSleep1.ttf */,
				88609709C79E2CA69714B54D /* TomoSleep2.ttf */,
			);
			path = Fonts;
			sourceTree = "<group>";
		};
/* End PBXGroup section */

/* Begin PBXNativeTarget section */
		5CAF3C2F15CD2B9C51E2615B /* TomoWidgets */ = {
			isa = PBXNativeTarget;
			buildConfigurationList = 69B229FF9A64FFC696BA31A6 /* Build configuration list for PBXNativeTarget "TomoWidgets" */;
			buildPhases = (
				BBEEB6B1FED8160D6E27E71D /* Sources */,
				FFCA357C1BB84498294D8E40 /* Resources */,
				A0A125EA67E0BE8EA68E119C /* Frameworks */,
			);
			buildRules = (
			);
			dependencies = (
			);
			name = TomoWidgets;
			packageProductDependencies = (
				D7DDDC272F7133197F0D59BB /* TomoCore */,
			);
			productName = TomoWidgets;
			productReference = AFE384C3477C520E3B46DF8E /* TomoWidgets.appex */;
			productType = "com.apple.product-type.app-extension";
		};
		E6F7A89F9C9FF369E1EA5B01 /* Tomodachi */ = {
			isa = PBXNativeTarget;
			buildConfigurationList = C6E615538BA408A03F3B761D /* Build configuration list for PBXNativeTarget "Tomodachi" */;
			buildPhases = (
				5C3A995BA36B8B5A3307D588 /* Sources */,
				5828AAA168E2EAC80442DC5E /* Resources */,
				26DBFF058C9038DB2655EEA5 /* Frameworks */,
				1FF9299FC3FB176009DEA529 /* Embed Foundation Extensions */,
			);
			buildRules = (
			);
			dependencies = (
				73CBD2B34CC4CC07BEA62D19 /* PBXTargetDependency */,
			);
			name = Tomodachi;
			packageProductDependencies = (
				035D015A00A57BA89123F406 /* TomoCore */,
			);
			productName = Tomodachi;
			productReference = A66B8DBC69D1341D64426020 /* Tomodachi.app */;
			productType = "com.apple.product-type.application";
		};
/* End PBXNativeTarget section */

/* Begin PBXProject section */
		FD689C2390E03FE7766183E0 /* Project object */ = {
			isa = PBXProject;
			attributes = {
				BuildIndependentTargetsInParallel = YES;
				LastUpgradeCheck = 2700;
				TargetAttributes = {
					5CAF3C2F15CD2B9C51E2615B = {
						DevelopmentTeam = W3GXL2NQQP;
						ProvisioningStyle = Automatic;
					};
					E6F7A89F9C9FF369E1EA5B01 = {
						DevelopmentTeam = W3GXL2NQQP;
						ProvisioningStyle = Automatic;
					};
				};
			};
			buildConfigurationList = 660B5F35D84EDAB98A448F81 /* Build configuration list for PBXProject "Tomodachi" */;
			compatibilityVersion = "Xcode 14.0";
			developmentRegion = en;
			hasScannedForEncodings = 0;
			knownRegions = (
				Base,
				en,
			);
			mainGroup = 19E98207CFE8FA7C4D2A0A52;
			minimizedProjectReferenceProxies = 1;
			packageReferences = (
				87CDA8F940A7DE4FD2FC8FCA /* XCLocalSwiftPackageReference "../../TomoCore" */,
			);
			preferredProjectObjectVersion = 77;
			projectDirPath = "";
			projectRoot = "";
			targets = (
				5CAF3C2F15CD2B9C51E2615B /* TomoWidgets */,
				E6F7A89F9C9FF369E1EA5B01 /* Tomodachi */,
			);
		};
/* End PBXProject section */

/* Begin PBXResourcesBuildPhase section */
		5828AAA168E2EAC80442DC5E /* Resources */ = {
			isa = PBXResourcesBuildPhase;
			buildActionMask = 2147483647;
			files = (
				C638FD502B83DB4A36871A5C /* Assets.xcassets in Resources */,
			);
			runOnlyForDeploymentPostprocessing = 0;
		};
		FFCA357C1BB84498294D8E40 /* Resources */ = {
			isa = PBXResourcesBuildPhase;
			buildActionMask = 2147483647;
			files = (
				7782BC02AF02475CA7679202 /* TomoReady0.ttf in Resources */,
				8B9F1DA1C06402828C976C1D /* TomoReady1.ttf in Resources */,
				C4DF9C01C20DBF19B53CB78E /* TomoReady2.ttf in Resources */,
				C845DB710B31D14B75957C37 /* TomoSleep0.ttf in Resources */,
				9FEBC7FFBC6E85112AC44873 /* TomoSleep1.ttf in Resources */,
				0E730B7A717F4747D91D0537 /* TomoSleep2.ttf in Resources */,
			);
			runOnlyForDeploymentPostprocessing = 0;
		};
/* End PBXResourcesBuildPhase section */

/* Begin PBXSourcesBuildPhase section */
		5C3A995BA36B8B5A3307D588 /* Sources */ = {
			isa = PBXSourcesBuildPhase;
			buildActionMask = 2147483647;
			files = (
				43C83B710033B8A4E45A3326 /* TomoLiveVisit.swift in Sources */,
				6E1F760DD9C89FEA03565D5E /* TomoPhoneFirstRun.swift in Sources */,
				2AE9D1DC5132E456A1102842 /* TomoPhoneHome.swift in Sources */,
				EDC97339274AD5D9DE559C33 /* TomoPhoneView.swift in Sources */,
				65D3A2DECEF7CDCB4AC5EA6E /* TomoVisitActivity.swift in Sources */,
				1C30573A4EFCEC1784E40BAD /* TomoWordSheet.swift in Sources */,
				1206AFF78F3F05233AF98D62 /* TomodachiApp.swift in Sources */,
			);
			runOnlyForDeploymentPostprocessing = 0;
		};
		BBEEB6B1FED8160D6E27E71D /* Sources */ = {
			isa = PBXSourcesBuildPhase;
			buildActionMask = 2147483647;
			files = (
				473AFFBA189B29BCEACD06A1 /* TomoMovingMascot.swift in Sources */,
				B1C493B8922D71739E609A43 /* TomoVisitActivity.swift in Sources */,
				5A2853E1494B345A841CF220 /* TomoVisitLiveActivity.swift in Sources */,
				55B668E3CF5DF92A2428F6DE /* TomoWidgets.swift in Sources */,
			);
			runOnlyForDeploymentPostprocessing = 0;
		};
/* End PBXSourcesBuildPhase section */

/* Begin PBXTargetDependency section */
		73CBD2B34CC4CC07BEA62D19 /* PBXTargetDependency */ = {
			isa = PBXTargetDependency;
			target = 5CAF3C2F15CD2B9C51E2615B /* TomoWidgets */;
			targetProxy = 7BD8EA74E5223557C7B05CDB /* PBXContainerItemProxy */;
		};
/* End PBXTargetDependency section */

/* Begin XCBuildConfiguration section */
		4B49C592E990336ED0063588 /* Debug */ = {
			isa = XCBuildConfiguration;
			buildSettings = {
				ALWAYS_SEARCH_USER_PATHS = NO;
				CLANG_ANALYZER_NONNULL = YES;
				CLANG_ANALYZER_NUMBER_OBJECT_CONVERSION = YES_AGGRESSIVE;
				CLANG_CXX_LANGUAGE_STANDARD = "gnu++14";
				CLANG_CXX_LIBRARY = "libc++";
				CLANG_ENABLE_MODULES = YES;
				CLANG_ENABLE_OBJC_ARC = YES;
				CLANG_ENABLE_OBJC_WEAK = YES;
				CLANG_WARN_BLOCK_CAPTURE_AUTORELEASING = YES;
				CLANG_WARN_BOOL_CONVERSION = YES;
				CLANG_WARN_COMMA = YES;
				CLANG_WARN_CONSTANT_CONVERSION = YES;
				CLANG_WARN_DEPRECATED_OBJC_IMPLEMENTATIONS = YES;
				CLANG_WARN_DIRECT_OBJC_ISA_USAGE = YES_ERROR;
				CLANG_WARN_DOCUMENTATION_COMMENTS = YES;
				CLANG_WARN_EMPTY_BODY = YES;
				CLANG_WARN_ENUM_CONVERSION = YES;
				CLANG_WARN_INFINITE_RECURSION = YES;
				CLANG_WARN_INT_CONVERSION = YES;
				CLANG_WARN_NON_LITERAL_NULL_CONVERSION = YES;
				CLANG_WARN_OBJC_IMPLICIT_RETAIN_SELF = YES;
				CLANG_WARN_OBJC_LITERAL_CONVERSION = YES;
				CLANG_WARN_OBJC_ROOT_CLASS = YES_ERROR;
				CLANG_WARN_QUOTED_INCLUDE_IN_FRAMEWORK_HEADER = YES;
				CLANG_WARN_RANGE_LOOP_ANALYSIS = YES;
				CLANG_WARN_STRICT_PROTOTYPES = YES;
				CLANG_WARN_SUSPICIOUS_MOVE = YES;
				CLANG_WARN_UNGUARDED_AVAILABILITY = YES_AGGRESSIVE;
				CLANG_WARN_UNREACHABLE_CODE = YES;
				CLANG_WARN__DUPLICATE_METHOD_MATCH = YES;
				CODE_SIGN_STYLE = Automatic;
				COPY_PHASE_STRIP = NO;
				DEBUG_INFORMATION_FORMAT = dwarf;
				DEVELOPMENT_TEAM = W3GXL2NQQP;
				ENABLE_STRICT_OBJC_MSGSEND = YES;
				ENABLE_TESTABILITY = YES;
				GCC_C_LANGUAGE_STANDARD = gnu11;
				GCC_DYNAMIC_NO_PIC = NO;
				GCC_NO_COMMON_BLOCKS = YES;
				GCC_OPTIMIZATION_LEVEL = 0;
				GCC_PREPROCESSOR_DEFINITIONS = (
					"$(inherited)",
					"DEBUG=1",
				);
				GCC_WARN_64_TO_32_BIT_CONVERSION = YES;
				GCC_WARN_ABOUT_RETURN_TYPE = YES_ERROR;
				GCC_WARN_UNDECLARED_SELECTOR = YES;
				GCC_WARN_UNINITIALIZED_AUTOS = YES_AGGRESSIVE;
				GCC_WARN_UNUSED_FUNCTION = YES;
				GCC_WARN_UNUSED_VARIABLE = YES;
				IPHONEOS_DEPLOYMENT_TARGET = 18.0;
				MTL_ENABLE_DEBUG_INFO = INCLUDE_SOURCE;
				MTL_FAST_MATH = YES;
				ONLY_ACTIVE_ARCH = YES;
				OTHER_SWIFT_FLAGS = "-strict-concurrency=complete";
				PRODUCT_NAME = "$(TARGET_NAME)";
				SDKROOT = iphoneos;
				SWIFT_ACTIVE_COMPILATION_CONDITIONS = DEBUG;
				SWIFT_OPTIMIZATION_LEVEL = "-Onone";
				SWIFT_VERSION = 6.0;
				TOMO_ICLOUD_ENV = Development;
			};
			name = Debug;
		};
		4DF43B907E28A3A76798FE8D /* Release */ = {
			isa = XCBuildConfiguration;
			buildSettings = {
				CODE_SIGN_ENTITLEMENTS = Widgets/Widgets.entitlements;
				INFOPLIST_FILE = Widgets/Info.plist;
				LD_RUNPATH_SEARCH_PATHS = (
					"$(inherited)",
					"@executable_path/Frameworks",
					"@executable_path/../../Frameworks",
				);
				PRODUCT_BUNDLE_IDENTIFIER = com.zenbujapanese.tomodachi.widgets;
				PRODUCT_NAME = TomoWidgets;
				SDKROOT = iphoneos;
				SKIP_INSTALL = YES;
				TARGETED_DEVICE_FAMILY = 1;
			};
			name = Release;
		};
		7972318C0DC304AC3F6F5D8C /* Debug */ = {
			isa = XCBuildConfiguration;
			buildSettings = {
				ASSETCATALOG_COMPILER_APPICON_NAME = AppIcon;
				CODE_SIGN_ENTITLEMENTS = Resources/Tomodachi.entitlements;
				CODE_SIGN_IDENTITY = "iPhone Developer";
				INFOPLIST_FILE = Resources/Info.plist;
				LD_RUNPATH_SEARCH_PATHS = (
					"$(inherited)",
					"@executable_path/Frameworks",
				);
				PRODUCT_BUNDLE_IDENTIFIER = com.zenbujapanese.tomodachi;
				PRODUCT_NAME = Tomodachi;
				SDKROOT = iphoneos;
				TARGETED_DEVICE_FAMILY = 1;
			};
			name = Debug;
		};
		B537BECE148CF19A44AD708E /* Debug */ = {
			isa = XCBuildConfiguration;
			buildSettings = {
				CODE_SIGN_ENTITLEMENTS = Widgets/Widgets.entitlements;
				INFOPLIST_FILE = Widgets/Info.plist;
				LD_RUNPATH_SEARCH_PATHS = (
					"$(inherited)",
					"@executable_path/Frameworks",
					"@executable_path/../../Frameworks",
				);
				PRODUCT_BUNDLE_IDENTIFIER = com.zenbujapanese.tomodachi.widgets;
				PRODUCT_NAME = TomoWidgets;
				SDKROOT = iphoneos;
				SKIP_INSTALL = YES;
				TARGETED_DEVICE_FAMILY = 1;
			};
			name = Debug;
		};
		CE16C4EB9EF568A7A59B0311 /* Release */ = {
			isa = XCBuildConfiguration;
			buildSettings = {
				ALWAYS_SEARCH_USER_PATHS = NO;
				CLANG_ANALYZER_NONNULL = YES;
				CLANG_ANALYZER_NUMBER_OBJECT_CONVERSION = YES_AGGRESSIVE;
				CLANG_CXX_LANGUAGE_STANDARD = "gnu++14";
				CLANG_CXX_LIBRARY = "libc++";
				CLANG_ENABLE_MODULES = YES;
				CLANG_ENABLE_OBJC_ARC = YES;
				CLANG_ENABLE_OBJC_WEAK = YES;
				CLANG_WARN_BLOCK_CAPTURE_AUTORELEASING = YES;
				CLANG_WARN_BOOL_CONVERSION = YES;
				CLANG_WARN_COMMA = YES;
				CLANG_WARN_CONSTANT_CONVERSION = YES;
				CLANG_WARN_DEPRECATED_OBJC_IMPLEMENTATIONS = YES;
				CLANG_WARN_DIRECT_OBJC_ISA_USAGE = YES_ERROR;
				CLANG_WARN_DOCUMENTATION_COMMENTS = YES;
				CLANG_WARN_EMPTY_BODY = YES;
				CLANG_WARN_ENUM_CONVERSION = YES;
				CLANG_WARN_INFINITE_RECURSION = YES;
				CLANG_WARN_INT_CONVERSION = YES;
				CLANG_WARN_NON_LITERAL_NULL_CONVERSION = YES;
				CLANG_WARN_OBJC_IMPLICIT_RETAIN_SELF = YES;
				CLANG_WARN_OBJC_LITERAL_CONVERSION = YES;
				CLANG_WARN_OBJC_ROOT_CLASS = YES_ERROR;
				CLANG_WARN_QUOTED_INCLUDE_IN_FRAMEWORK_HEADER = YES;
				CLANG_WARN_RANGE_LOOP_ANALYSIS = YES;
				CLANG_WARN_STRICT_PROTOTYPES = YES;
				CLANG_WARN_SUSPICIOUS_MOVE = YES;
				CLANG_WARN_UNGUARDED_AVAILABILITY = YES_AGGRESSIVE;
				CLANG_WARN_UNREACHABLE_CODE = YES;
				CLANG_WARN__DUPLICATE_METHOD_MATCH = YES;
				CODE_SIGN_STYLE = Automatic;
				COPY_PHASE_STRIP = NO;
				DEBUG_INFORMATION_FORMAT = "dwarf-with-dsym";
				DEVELOPMENT_TEAM = W3GXL2NQQP;
				ENABLE_NS_ASSERTIONS = NO;
				ENABLE_STRICT_OBJC_MSGSEND = YES;
				GCC_C_LANGUAGE_STANDARD = gnu11;
				GCC_NO_COMMON_BLOCKS = YES;
				GCC_WARN_64_TO_32_BIT_CONVERSION = YES;
				GCC_WARN_ABOUT_RETURN_TYPE = YES_ERROR;
				GCC_WARN_UNDECLARED_SELECTOR = YES;
				GCC_WARN_UNINITIALIZED_AUTOS = YES_AGGRESSIVE;
				GCC_WARN_UNUSED_FUNCTION = YES;
				GCC_WARN_UNUSED_VARIABLE = YES;
				IPHONEOS_DEPLOYMENT_TARGET = 18.0;
				MTL_ENABLE_DEBUG_INFO = NO;
				MTL_FAST_MATH = YES;
				OTHER_SWIFT_FLAGS = "-strict-concurrency=complete";
				PRODUCT_NAME = "$(TARGET_NAME)";
				SDKROOT = iphoneos;
				SWIFT_COMPILATION_MODE = wholemodule;
				SWIFT_OPTIMIZATION_LEVEL = "-O";
				SWIFT_VERSION = 6.0;
				TOMO_ICLOUD_ENV = Production;
			};
			name = Release;
		};
		E585C4A6D629959179AF8159 /* Release */ = {
			isa = XCBuildConfiguration;
			buildSettings = {
				ASSETCATALOG_COMPILER_APPICON_NAME = AppIcon;
				CODE_SIGN_ENTITLEMENTS = Resources/Tomodachi.entitlements;
				CODE_SIGN_IDENTITY = "iPhone Developer";
				INFOPLIST_FILE = Resources/Info.plist;
				LD_RUNPATH_SEARCH_PATHS = (
					"$(inherited)",
					"@executable_path/Frameworks",
				);
				PRODUCT_BUNDLE_IDENTIFIER = com.zenbujapanese.tomodachi;
				PRODUCT_NAME = Tomodachi;
				SDKROOT = iphoneos;
				TARGETED_DEVICE_FAMILY = 1;
			};
			name = Release;
		};
/* End XCBuildConfiguration section */

/* Begin XCConfigurationList section */
		660B5F35D84EDAB98A448F81 /* Build configuration list for PBXProject "Tomodachi" */ = {
			isa = XCConfigurationList;
			buildConfigurations = (
				4B49C592E990336ED0063588 /* Debug */,
				CE16C4EB9EF568A7A59B0311 /* Release */,
			);
			defaultConfigurationIsVisible = 0;
			defaultConfigurationName = Debug;
		};
		69B229FF9A64FFC696BA31A6 /* Build configuration list for PBXNativeTarget "TomoWidgets" */ = {
			isa = XCConfigurationList;
			buildConfigurations = (
				B537BECE148CF19A44AD708E /* Debug */,
				4DF43B907E28A3A76798FE8D /* Release */,
			);
			defaultConfigurationIsVisible = 0;
			defaultConfigurationName = Debug;
		};
		C6E615538BA408A03F3B761D /* Build configuration list for PBXNativeTarget "Tomodachi" */ = {
			isa = XCConfigurationList;
			buildConfigurations = (
				7972318C0DC304AC3F6F5D8C /* Debug */,
				E585C4A6D629959179AF8159 /* Release */,
			);
			defaultConfigurationIsVisible = 0;
			defaultConfigurationName = Debug;
		};
/* End XCConfigurationList section */

/* Begin XCLocalSwiftPackageReference section */
		87CDA8F940A7DE4FD2FC8FCA /* XCLocalSwiftPackageReference "../../TomoCore" */ = {
			isa = XCLocalSwiftPackageReference;
			relativePath = ../../TomoCore;
		};
/* End XCLocalSwiftPackageReference section */

/* Begin XCSwiftPackageProductDependency section */
		035D015A00A57BA89123F406 /* TomoCore */ = {
			isa = XCSwiftPackageProductDependency;
			productName = TomoCore;
		};
		D7DDDC272F7133197F0D59BB /* TomoCore */ = {
			isa = XCSwiftPackageProductDependency;
			productName = TomoCore;
		};
/* End XCSwiftPackageProductDependency section */
	};
	rootObject = FD689C2390E03FE7766183E0 /* Project object */;
}
