// !$*UTF8*$!
{
	archiveVersion = 1;
	classes = {
	};
	objectVersion = 77;
	objects = {

/* Begin PBXBuildFile section */
		065E4D62682B27B2292C605D /* TomoView.swift in Sources */ = {isa = PBXBuildFile; fileRef = 121E58044C07D5383C400BB8 /* TomoView.swift */; };
		065FCE817315454DE3F85F25 /* IslandViewContent.swift in Sources */ = {isa = PBXBuildFile; fileRef = FA02B08886939FF6FE0475DD /* IslandViewContent.swift */; };
		06BF5FD95E03010CAFDBF2D0 /* NotchBuddyApp.swift in Sources */ = {isa = PBXBuildFile; fileRef = F1BD8F3CAA60CF37640759E1 /* NotchBuddyApp.swift */; };
		091EC3B2F1060D7EE1317E4E /* IslandWindowController.swift in Sources */ = {isa = PBXBuildFile; fileRef = D710BD7834228045869D0184 /* IslandWindowController.swift */; };
		186AB8904029767DAA5277CF /* IslandScreenGeometry.swift in Sources */ = {isa = PBXBuildFile; fileRef = 78BC1357785CA1B099A33969 /* IslandScreenGeometry.swift */; };
		1F11EC4E6F604C612A1ADAD1 /* AppState.swift in Sources */ = {isa = PBXBuildFile; fileRef = C2E4F18AA940EFF7E047B9F7 /* AppState.swift */; };
		3F19756A396F125EC711247F /* IslandTypes.swift in Sources */ = {isa = PBXBuildFile; fileRef = 8D3CE3617E9D336DDBA10F7A /* IslandTypes.swift */; };
		455F59A0C06A004A53D91ED0 /* TomoLoginItem.swift in Sources */ = {isa = PBXBuildFile; fileRef = A52FE122CD8AE58755236B2B /* TomoLoginItem.swift */; };
		47996A64003D2BB7179F5511 /* TomoHeadless.swift in Sources */ = {isa = PBXBuildFile; fileRef = 6308EFADE3E72FB81790A024 /* TomoHeadless.swift */; };
		5029CEB9CAF2BEF28E698E79 /* TomoAppWindow.swift in Sources */ = {isa = PBXBuildFile; fileRef = 43E82B56A69C0F97D891E8E4 /* TomoAppWindow.swift */; };
		5B9A00AFB0837731FA678E4E /* IslandStateMachine.swift in Sources */ = {isa = PBXBuildFile; fileRef = D8212018F09EA1E96FBD63CD /* IslandStateMachine.swift */; };
		60E361FFE84C387E5E3ED1AA /* SoundEngine.swift in Sources */ = {isa = PBXBuildFile; fileRef = 1BE21C2B315D37AA70ED45E9 /* SoundEngine.swift */; };
		67AB0FA0F55C786ECA3D864B /* TomoOnboardingWindow.swift in Sources */ = {isa = PBXBuildFile; fileRef = F21E005253055F79D071A7C1 /* TomoOnboardingWindow.swift */; };
		75086D1A425B7CBFEFBE56EA /* TomoTestingTools.swift in Sources */ = {isa = PBXBuildFile; fileRef = 8108F2470030F4450F816A8A /* TomoTestingTools.swift */; };
		87E1E369A1923718D00ABD22 /* TomoLineView.swift in Sources */ = {isa = PBXBuildFile; fileRef = E792BF7FE7BE5C9B24045E83 /* TomoLineView.swift */; };
		8DB27298E60ADDEAD9F4A0F8 /* TomoIslandCharacter.swift in Sources */ = {isa = PBXBuildFile; fileRef = 8FDC097EC5766E9398220B80 /* TomoIslandCharacter.swift */; };
		A9EA458EBA699F51AB7A7DAD /* TomoCore in Frameworks */ = {isa = PBXBuildFile; productRef = A5F9E4404EB5F7EFB0108C7E /* TomoCore */; };
		C940B651C6CA952D99388E04 /* AppDelegate.swift in Sources */ = {isa = PBXBuildFile; fileRef = 192844E7299DEED5C2372067 /* AppDelegate.swift */; };
		CA3321C14A11FED94E48B3E3 /* IslandRootView.swift in Sources */ = {isa = PBXBuildFile; fileRef = 15A1A8206F73376F4CAF2057 /* IslandRootView.swift */; };
		DC71BBD15F2044AE17D7B17D /* TomoIconRenderer.swift in Sources */ = {isa = PBXBuildFile; fileRef = C6DA49ECE3D13AC1934BC2AF /* TomoIconRenderer.swift */; };
		DCAC390FF9EC65B945A15B24 /* Assets.xcassets in Resources */ = {isa = PBXBuildFile; fileRef = 506824380E9C80B9BC6DCE72 /* Assets.xcassets */; };
		FD6DF06B43DED80E4E165280 /* TomoIslandSelfTest.swift in Sources */ = {isa = PBXBuildFile; fileRef = F22C8C7541439C619C8F1477 /* TomoIslandSelfTest.swift */; };
/* End PBXBuildFile section */

/* Begin PBXFileReference section */
		121E58044C07D5383C400BB8 /* TomoView.swift */ = {isa = PBXFileReference; lastKnownFileType = sourcecode.swift; path = TomoView.swift; sourceTree = "<group>"; };
		15A1A8206F73376F4CAF2057 /* IslandRootView.swift */ = {isa = PBXFileReference; lastKnownFileType = sourcecode.swift; path = IslandRootView.swift; sourceTree = "<group>"; };
		192844E7299DEED5C2372067 /* AppDelegate.swift */ = {isa = PBXFileReference; lastKnownFileType = sourcecode.swift; path = AppDelegate.swift; sourceTree = "<group>"; };
		1BE21C2B315D37AA70ED45E9 /* SoundEngine.swift */ = {isa = PBXFileReference; lastKnownFileType = sourcecode.swift; path = SoundEngine.swift; sourceTree = "<group>"; };
		2675FBB315AE46CDBE6E2C51 /* TomoCore */ = {isa = PBXFileReference; lastKnownFileType = folder; name = TomoCore; path = ../../TomoCore; sourceTree = SOURCE_ROOT; };
		43E82B56A69C0F97D891E8E4 /* TomoAppWindow.swift */ = {isa = PBXFileReference; lastKnownFileType = sourcecode.swift; path = TomoAppWindow.swift; sourceTree = "<group>"; };
		506824380E9C80B9BC6DCE72 /* Assets.xcassets */ = {isa = PBXFileReference; lastKnownFileType = folder.assetcatalog; path = Assets.xcassets; sourceTree = "<group>"; };
		6308EFADE3E72FB81790A024 /* TomoHeadless.swift */ = {isa = PBXFileReference; lastKnownFileType = sourcecode.swift; path = TomoHeadless.swift; sourceTree = "<group>"; };
		78BC1357785CA1B099A33969 /* IslandScreenGeometry.swift */ = {isa = PBXFileReference; lastKnownFileType = sourcecode.swift; path = IslandScreenGeometry.swift; sourceTree = "<group>"; };
		8108F2470030F4450F816A8A /* TomoTestingTools.swift */ = {isa = PBXFileReference; lastKnownFileType = sourcecode.swift; path = TomoTestingTools.swift; sourceTree = "<group>"; };
		8D3CE3617E9D336DDBA10F7A /* IslandTypes.swift */ = {isa = PBXFileReference; lastKnownFileType = sourcecode.swift; path = IslandTypes.swift; sourceTree = "<group>"; };
		8FDC097EC5766E9398220B80 /* TomoIslandCharacter.swift */ = {isa = PBXFileReference; lastKnownFileType = sourcecode.swift; path = TomoIslandCharacter.swift; sourceTree = "<group>"; };
		A14A61070D293AB4BBA303F7 /* NotchBuddy.app */ = {isa = PBXFileReference; explicitFileType = wrapper.application; includeInIndex = 0; path = NotchBuddy.app; sourceTree = BUILT_PRODUCTS_DIR; };
		A52FE122CD8AE58755236B2B /* TomoLoginItem.swift */ = {isa = PBXFileReference; lastKnownFileType = sourcecode.swift; path = TomoLoginItem.swift; sourceTree = "<group>"; };
		C2E4F18AA940EFF7E047B9F7 /* AppState.swift */ = {isa = PBXFileReference; lastKnownFileType = sourcecode.swift; path = AppState.swift; sourceTree = "<group>"; };
		C6DA49ECE3D13AC1934BC2AF /* TomoIconRenderer.swift */ = {isa = PBXFileReference; lastKnownFileType = sourcecode.swift; path = TomoIconRenderer.swift; sourceTree = "<group>"; };
		D710BD7834228045869D0184 /* IslandWindowController.swift */ = {isa = PBXFileReference; lastKnownFileType = sourcecode.swift; path = IslandWindowController.swift; sourceTree = "<group>"; };
		D8212018F09EA1E96FBD63CD /* IslandStateMachine.swift */ = {isa = PBXFileReference; lastKnownFileType = sourcecode.swift; path = IslandStateMachine.swift; sourceTree = "<group>"; };
		E792BF7FE7BE5C9B24045E83 /* TomoLineView.swift */ = {isa = PBXFileReference; lastKnownFileType = sourcecode.swift; path = TomoLineView.swift; sourceTree = "<group>"; };
		F1BD8F3CAA60CF37640759E1 /* NotchBuddyApp.swift */ = {isa = PBXFileReference; lastKnownFileType = sourcecode.swift; path = NotchBuddyApp.swift; sourceTree = "<group>"; };
		F21E005253055F79D071A7C1 /* TomoOnboardingWindow.swift */ = {isa = PBXFileReference; lastKnownFileType = sourcecode.swift; path = TomoOnboardingWindow.swift; sourceTree = "<group>"; };
		F22C8C7541439C619C8F1477 /* TomoIslandSelfTest.swift */ = {isa = PBXFileReference; lastKnownFileType = sourcecode.swift; path = TomoIslandSelfTest.swift; sourceTree = "<group>"; };
		FA02B08886939FF6FE0475DD /* IslandViewContent.swift */ = {isa = PBXFileReference; lastKnownFileType = sourcecode.swift; path = IslandViewContent.swift; sourceTree = "<group>"; };
/* End PBXFileReference section */

/* Begin PBXFrameworksBuildPhase section */
		37CC26065EDFBD271EB49947 /* Frameworks */ = {
			isa = PBXFrameworksBuildPhase;
			buildActionMask = 2147483647;
			files = (
				A9EA458EBA699F51AB7A7DAD /* TomoCore in Frameworks */,
			);
			runOnlyForDeploymentPostprocessing = 0;
		};
/* End PBXFrameworksBuildPhase section */

/* Begin PBXGroup section */
		2D4550630644796DA0649B81 /* App */ = {
			isa = PBXGroup;
			children = (
				192844E7299DEED5C2372067 /* AppDelegate.swift */,
				C2E4F18AA940EFF7E047B9F7 /* AppState.swift */,
				15A1A8206F73376F4CAF2057 /* IslandRootView.swift */,
				78BC1357785CA1B099A33969 /* IslandScreenGeometry.swift */,
				D8212018F09EA1E96FBD63CD /* IslandStateMachine.swift */,
				8D3CE3617E9D336DDBA10F7A /* IslandTypes.swift */,
				FA02B08886939FF6FE0475DD /* IslandViewContent.swift */,
				D710BD7834228045869D0184 /* IslandWindowController.swift */,
				F1BD8F3CAA60CF37640759E1 /* NotchBuddyApp.swift */,
				1BE21C2B315D37AA70ED45E9 /* SoundEngine.swift */,
				43E82B56A69C0F97D891E8E4 /* TomoAppWindow.swift */,
				6308EFADE3E72FB81790A024 /* TomoHeadless.swift */,
				C6DA49ECE3D13AC1934BC2AF /* TomoIconRenderer.swift */,
				8FDC097EC5766E9398220B80 /* TomoIslandCharacter.swift */,
				F22C8C7541439C619C8F1477 /* TomoIslandSelfTest.swift */,
				E792BF7FE7BE5C9B24045E83 /* TomoLineView.swift */,
				A52FE122CD8AE58755236B2B /* TomoLoginItem.swift */,
				F21E005253055F79D071A7C1 /* TomoOnboardingWindow.swift */,
				8108F2470030F4450F816A8A /* TomoTestingTools.swift */,
				121E58044C07D5383C400BB8 /* TomoView.swift */,
			);
			path = App;
			sourceTree = "<group>";
		};
		59BDB3174D6A12A7350350D2 /* Packages */ = {
			isa = PBXGroup;
			children = (
				2675FBB315AE46CDBE6E2C51 /* TomoCore */,
			);
			name = Packages;
			sourceTree = "<group>";
		};
		6CF11AAA7898712CF6DB364A /* Products */ = {
			isa = PBXGroup;
			children = (
				A14A61070D293AB4BBA303F7 /* NotchBuddy.app */,
			);
			name = Products;
			sourceTree = "<group>";
		};
		B382DF6D17081F63DA1CC08B /* Sources */ = {
			isa = PBXGroup;
			children = (
				2D4550630644796DA0649B81 /* App */,
			);
			path = Sources;
			sourceTree = "<group>";
		};
		C8A9AE71DB5C532D78C7784B = {
			isa = PBXGroup;
			children = (
				506824380E9C80B9BC6DCE72 /* Assets.xcassets */,
				59BDB3174D6A12A7350350D2 /* Packages */,
				B382DF6D17081F63DA1CC08B /* Sources */,
				6CF11AAA7898712CF6DB364A /* Products */,
			);
			sourceTree = "<group>";
		};
/* End PBXGroup section */

/* Begin PBXNativeTarget section */
		12E59C1D41BFA3D2F7CDD7F5 /* NotchBuddy */ = {
			isa = PBXNativeTarget;
			buildConfigurationList = DFC46BE61950064F9ADCEFC3 /* Build configuration list for PBXNativeTarget "NotchBuddy" */;
			buildPhases = (
				002591692F471861383A29CD /* Sources */,
				A0E1A749D68BF03D3FDE4473 /* Resources */,
				37CC26065EDFBD271EB49947 /* Frameworks */,
			);
			buildRules = (
			);
			dependencies = (
			);
			name = NotchBuddy;
			packageProductDependencies = (
				A5F9E4404EB5F7EFB0108C7E /* TomoCore */,
			);
			productName = NotchBuddy;
			productReference = A14A61070D293AB4BBA303F7 /* NotchBuddy.app */;
			productType = "com.apple.product-type.application";
		};
/* End PBXNativeTarget section */

/* Begin PBXProject section */
		ACF315E0C1F7FECADF1B4FBC /* Project object */ = {
			isa = PBXProject;
			attributes = {
				BuildIndependentTargetsInParallel = YES;
				LastUpgradeCheck = 2700;
				TargetAttributes = {
					12E59C1D41BFA3D2F7CDD7F5 = {
						DevelopmentTeam = W3GXL2NQQP;
						ProvisioningStyle = Automatic;
					};
				};
			};
			buildConfigurationList = 2B80F5D9D7D10C755DEF1E61 /* Build configuration list for PBXProject "NotchBuddy" */;
			compatibilityVersion = "Xcode 14.0";
			developmentRegion = en;
			hasScannedForEncodings = 0;
			knownRegions = (
				Base,
				en,
			);
			mainGroup = C8A9AE71DB5C532D78C7784B;
			minimizedProjectReferenceProxies = 1;
			packageReferences = (
				1BC530D84049ED2B57B71DD3 /* XCLocalSwiftPackageReference "../../TomoCore" */,
			);
			preferredProjectObjectVersion = 77;
			projectDirPath = "";
			projectRoot = "";
			targets = (
				12E59C1D41BFA3D2F7CDD7F5 /* NotchBuddy */,
			);
		};
/* End PBXProject section */

/* Begin PBXResourcesBuildPhase section */
		A0E1A749D68BF03D3FDE4473 /* Resources */ = {
			isa = PBXResourcesBuildPhase;
			buildActionMask = 2147483647;
			files = (
				DCAC390FF9EC65B945A15B24 /* Assets.xcassets in Resources */,
			);
			runOnlyForDeploymentPostprocessing = 0;
		};
/* End PBXResourcesBuildPhase section */

/* Begin PBXSourcesBuildPhase section */
		002591692F471861383A29CD /* Sources */ = {
			isa = PBXSourcesBuildPhase;
			buildActionMask = 2147483647;
			files = (
				C940B651C6CA952D99388E04 /* AppDelegate.swift in Sources */,
				1F11EC4E6F604C612A1ADAD1 /* AppState.swift in Sources */,
				CA3321C14A11FED94E48B3E3 /* IslandRootView.swift in Sources */,
				186AB8904029767DAA5277CF /* IslandScreenGeometry.swift in Sources */,
				5B9A00AFB0837731FA678E4E /* IslandStateMachine.swift in Sources */,
				3F19756A396F125EC711247F /* IslandTypes.swift in Sources */,
				065FCE817315454DE3F85F25 /* IslandViewContent.swift in Sources */,
				091EC3B2F1060D7EE1317E4E /* IslandWindowController.swift in Sources */,
				06BF5FD95E03010CAFDBF2D0 /* NotchBuddyApp.swift in Sources */,
				60E361FFE84C387E5E3ED1AA /* SoundEngine.swift in Sources */,
				5029CEB9CAF2BEF28E698E79 /* TomoAppWindow.swift in Sources */,
				47996A64003D2BB7179F5511 /* TomoHeadless.swift in Sources */,
				DC71BBD15F2044AE17D7B17D /* TomoIconRenderer.swift in Sources */,
				8DB27298E60ADDEAD9F4A0F8 /* TomoIslandCharacter.swift in Sources */,
				FD6DF06B43DED80E4E165280 /* TomoIslandSelfTest.swift in Sources */,
				87E1E369A1923718D00ABD22 /* TomoLineView.swift in Sources */,
				455F59A0C06A004A53D91ED0 /* TomoLoginItem.swift in Sources */,
				67AB0FA0F55C786ECA3D864B /* TomoOnboardingWindow.swift in Sources */,
				75086D1A425B7CBFEFBE56EA /* TomoTestingTools.swift in Sources */,
				065E4D62682B27B2292C605D /* TomoView.swift in Sources */,
			);
			runOnlyForDeploymentPostprocessing = 0;
		};
/* End PBXSourcesBuildPhase section */

/* Begin XCBuildConfiguration section */
		0C135EF4AD7F69AB24CA6CEF /* Release */ = {
			isa = XCBuildConfiguration;
			buildSettings = {
				ASSETCATALOG_COMPILER_APPICON_NAME = AppIcon;
				COMBINE_HIDPI_IMAGES = YES;
				ENABLE_SANDBOX = NO;
				INFOPLIST_FILE = Resources/Info.plist;
				LD_RUNPATH_SEARCH_PATHS = (
					"$(inherited)",
					"@executable_path/../Frameworks",
				);
				MACOSX_DEPLOYMENT_TARGET = 15.0;
				PRODUCT_BUNDLE_IDENTIFIER = com.zenbujapanese.tomodachi;
				PRODUCT_NAME = Tomodachi;
				SDKROOT = macosx;
			};
			name = Release;
		};
		601A86C280BDF7077864F3F0 /* Debug */ = {
			isa = XCBuildConfiguration;
			buildSettings = {
				ASSETCATALOG_COMPILER_APPICON_NAME = AppIcon;
				COMBINE_HIDPI_IMAGES = YES;
				ENABLE_SANDBOX = NO;
				INFOPLIST_FILE = Resources/Info.plist;
				LD_RUNPATH_SEARCH_PATHS = (
					"$(inherited)",
					"@executable_path/../Frameworks",
				);
				MACOSX_DEPLOYMENT_TARGET = 15.0;
				PRODUCT_BUNDLE_IDENTIFIER = com.zenbujapanese.tomodachi;
				PRODUCT_NAME = Tomodachi;
				SDKROOT = macosx;
			};
			name = Debug;
		};
		CA9D2D4E8E2B8015D8EA90A2 /* Debug */ = {
			isa = XCBuildConfiguration;
			buildSettings = {
				ALWAYS_SEARCH_USER_PATHS = NO;
				CLANG_ANALYZER_NONNULL = YES;
				CLANG_ANALYZER_NUMBER_OBJECT_CONVERSION = YES_AGGRESSIVE;
				CLANG_CXX_LANGUAGE_STANDARD = "gnu++14";
				CLANG_CXX_LIBRARY = "libc++";
				CLANG_ENABLE_MODULES = YES;
				CLANG_ENABLE_OBJC_ARC = YES;
				CLANG_ENABLE_OBJC_WEAK = YES;
				CLANG_WARN_BLOCK_CAPTURE_AUTORELEASING = YES;
				CLANG_WARN_BOOL_CONVERSION = YES;
				CLANG_WARN_COMMA = YES;
				CLANG_WARN_CONSTANT_CONVERSION = YES;
				CLANG_WARN_DEPRECATED_OBJC_IMPLEMENTATIONS = YES;
				CLANG_WARN_DIRECT_OBJC_ISA_USAGE = YES_ERROR;
				CLANG_WARN_DOCUMENTATION_COMMENTS = YES;
				CLANG_WARN_EMPTY_BODY = YES;
				CLANG_WARN_ENUM_CONVERSION = YES;
				CLANG_WARN_INFINITE_RECURSION = YES;
				CLANG_WARN_INT_CONVERSION = YES;
				CLANG_WARN_NON_LITERAL_NULL_CONVERSION = YES;
				CLANG_WARN_OBJC_IMPLICIT_RETAIN_SELF = YES;
				CLANG_WARN_OBJC_LITERAL_CONVERSION = YES;
				CLANG_WARN_OBJC_ROOT_CLASS = YES_ERROR;
				CLANG_WARN_QUOTED_INCLUDE_IN_FRAMEWORK_HEADER = YES;
				CLANG_WARN_RANGE_LOOP_ANALYSIS = YES;
				CLANG_WARN_STRICT_PROTOTYPES = YES;
				CLANG_WARN_SUSPICIOUS_MOVE = YES;
				CLANG_WARN_UNGUARDED_AVAILABILITY = YES_AGGRESSIVE;
				CLANG_WARN_UNREACHABLE_CODE = YES;
				CLANG_WARN__DUPLICATE_METHOD_MATCH = YES;
				CODE_SIGN_ENTITLEMENTS = Resources/Tomodachi.entitlements;
				CODE_SIGN_STYLE = Automatic;
				COPY_PHASE_STRIP = NO;
				DEBUG_INFORMATION_FORMAT = dwarf;
				DEVELOPMENT_TEAM = W3GXL2NQQP;
				ENABLE_HARDENED_RUNTIME = YES;
				ENABLE_STRICT_OBJC_MSGSEND = YES;
				ENABLE_TESTABILITY = YES;
				GCC_C_LANGUAGE_STANDARD = gnu11;
				GCC_DYNAMIC_NO_PIC = NO;
				GCC_NO_COMMON_BLOCKS = YES;
				GCC_OPTIMIZATION_LEVEL = 0;
				GCC_PREPROCESSOR_DEFINITIONS = (
					"$(inherited)",
					"DEBUG=1",
				);
				GCC_WARN_64_TO_32_BIT_CONVERSION = YES;
				GCC_WARN_ABOUT_RETURN_TYPE = YES_ERROR;
				GCC_WARN_UNDECLARED_SELECTOR = YES;
				GCC_WARN_UNINITIALIZED_AUTOS = YES_AGGRESSIVE;
				GCC_WARN_UNUSED_FUNCTION = YES;
				GCC_WARN_UNUSED_VARIABLE = YES;
				MACOSX_DEPLOYMENT_TARGET = 15.0;
				MTL_ENABLE_DEBUG_INFO = INCLUDE_SOURCE;
				MTL_FAST_MATH = YES;
				ONLY_ACTIVE_ARCH = YES;
				OTHER_SWIFT_FLAGS = "-strict-concurrency=complete";
				PRODUCT_NAME = "$(TARGET_NAME)";
				SDKROOT = macosx;
				SWIFT_ACTIVE_COMPILATION_CONDITIONS = DEBUG;
				SWIFT_OPTIMIZATION_LEVEL = "-Onone";
				SWIFT_VERSION = 6.0;
				TOMO_ICLOUD_ENV = Development;
			};
			name = Debug;
		};
		ECAB43E9AE0B6830F8D4C6BA /* Release */ = {
			isa = XCBuildConfiguration;
			buildSettings = {
				ALWAYS_SEARCH_USER_PATHS = NO;
				CLANG_ANALYZER_NONNULL = YES;
				CLANG_ANALYZER_NUMBER_OBJECT_CONVERSION = YES_AGGRESSIVE;
				CLANG_CXX_LANGUAGE_STANDARD = "gnu++14";
				CLANG_CXX_LIBRARY = "libc++";
				CLANG_ENABLE_MODULES = YES;
				CLANG_ENABLE_OBJC_ARC = YES;
				CLANG_ENABLE_OBJC_WEAK = YES;
				CLANG_WARN_BLOCK_CAPTURE_AUTORELEASING = YES;
				CLANG_WARN_BOOL_CONVERSION = YES;
				CLANG_WARN_COMMA = YES;
				CLANG_WARN_CONSTANT_CONVERSION = YES;
				CLANG_WARN_DEPRECATED_OBJC_IMPLEMENTATIONS = YES;
				CLANG_WARN_DIRECT_OBJC_ISA_USAGE = YES_ERROR;
				CLANG_WARN_DOCUMENTATION_COMMENTS = YES;
				CLANG_WARN_EMPTY_BODY = YES;
				CLANG_WARN_ENUM_CONVERSION = YES;
				CLANG_WARN_INFINITE_RECURSION = YES;
				CLANG_WARN_INT_CONVERSION = YES;
				CLANG_WARN_NON_LITERAL_NULL_CONVERSION = YES;
				CLANG_WARN_OBJC_IMPLICIT_RETAIN_SELF = YES;
				CLANG_WARN_OBJC_LITERAL_CONVERSION = YES;
				CLANG_WARN_OBJC_ROOT_CLASS = YES_ERROR;
				CLANG_WARN_QUOTED_INCLUDE_IN_FRAMEWORK_HEADER = YES;
				CLANG_WARN_RANGE_LOOP_ANALYSIS = YES;
				CLANG_WARN_STRICT_PROTOTYPES = YES;
				CLANG_WARN_SUSPICIOUS_MOVE = YES;
				CLANG_WARN_UNGUARDED_AVAILABILITY = YES_AGGRESSIVE;
				CLANG_WARN_UNREACHABLE_CODE = YES;
				CLANG_WARN__DUPLICATE_METHOD_MATCH = YES;
				CODE_SIGN_ENTITLEMENTS = Resources/Tomodachi.entitlements;
				CODE_SIGN_INJECT_BASE_ENTITLEMENTS = NO;
				CODE_SIGN_STYLE = Automatic;
				COPY_PHASE_STRIP = NO;
				DEBUG_INFORMATION_FORMAT = "dwarf-with-dsym";
				DEVELOPMENT_TEAM = W3GXL2NQQP;
				ENABLE_HARDENED_RUNTIME = YES;
				ENABLE_NS_ASSERTIONS = NO;
				ENABLE_STRICT_OBJC_MSGSEND = YES;
				GCC_C_LANGUAGE_STANDARD = gnu11;
				GCC_NO_COMMON_BLOCKS = YES;
				GCC_WARN_64_TO_32_BIT_CONVERSION = YES;
				GCC_WARN_ABOUT_RETURN_TYPE = YES_ERROR;
				GCC_WARN_UNDECLARED_SELECTOR = YES;
				GCC_WARN_UNINITIALIZED_AUTOS = YES_AGGRESSIVE;
				GCC_WARN_UNUSED_FUNCTION = YES;
				GCC_WARN_UNUSED_VARIABLE = YES;
				MACOSX_DEPLOYMENT_TARGET = 15.0;
				MTL_ENABLE_DEBUG_INFO = NO;
				MTL_FAST_MATH = YES;
				OTHER_CODE_SIGN_FLAGS = "--timestamp";
				OTHER_SWIFT_FLAGS = "-strict-concurrency=complete";
				PRODUCT_NAME = "$(TARGET_NAME)";
				SDKROOT = macosx;
				SWIFT_COMPILATION_MODE = wholemodule;
				SWIFT_OPTIMIZATION_LEVEL = "-O";
				SWIFT_VERSION = 6.0;
				TOMO_ICLOUD_ENV = Production;
			};
			name = Release;
		};
/* End XCBuildConfiguration section */

/* Begin XCConfigurationList section */
		2B80F5D9D7D10C755DEF1E61 /* Build configuration list for PBXProject "NotchBuddy" */ = {
			isa = XCConfigurationList;
			buildConfigurations = (
				CA9D2D4E8E2B8015D8EA90A2 /* Debug */,
				ECAB43E9AE0B6830F8D4C6BA /* Release */,
			);
			defaultConfigurationIsVisible = 0;
			defaultConfigurationName = Debug;
		};
		DFC46BE61950064F9ADCEFC3 /* Build configuration list for PBXNativeTarget "NotchBuddy" */ = {
			isa = XCConfigurationList;
			buildConfigurations = (
				601A86C280BDF7077864F3F0 /* Debug */,
				0C135EF4AD7F69AB24CA6CEF /* Release */,
			);
			defaultConfigurationIsVisible = 0;
			defaultConfigurationName = Debug;
		};
/* End XCConfigurationList section */

/* Begin XCLocalSwiftPackageReference section */
		1BC530D84049ED2B57B71DD3 /* XCLocalSwiftPackageReference "../../TomoCore" */ = {
			isa = XCLocalSwiftPackageReference;
			relativePath = ../../TomoCore;
		};
/* End XCLocalSwiftPackageReference section */

/* Begin XCSwiftPackageProductDependency section */
		A5F9E4404EB5F7EFB0108C7E /* TomoCore */ = {
			isa = XCSwiftPackageProductDependency;
			productName = TomoCore;
		};
/* End XCSwiftPackageProductDependency section */
	};
	rootObject = ACF315E0C1F7FECADF1B4FBC /* Project object */;
}
